
Microsoft Visual Studio Solution File, Format Version 12.00
# Visual Studio Version 16
VisualStudioVersion = 16.0.29306.81
MinimumVisualStudioVersion = 10.0.40219.1
Project("{FAE04EC0-301F-11D3-BF4B-00C04F79EFBC}") = "workspacer", "src\workspacer\workspacer.csproj", "{D89294E0-EB76-440E-835C-CCD1E4CF6933}"
	ProjectSection(ProjectDependencies) = postProject
		{96EFD655-F7D0-4365-AE52-CC424007A3C4} = {96EFD655-F7D0-4365-AE52-CC424007A3C4}
		{020BFFA1-E131-44DF-9B57-C1284DC80C8A} = {020BFFA1-E131-44DF-9B57-C1284DC80C8A}
		{E7F2E1A7-2771-4924-A8D8-20761188D6F4} = {E7F2E1A7-2771-4924-A8D8-20761188D6F4}
		{A593B7C4-750D-44EE-8617-134B53C83D5D} = {A593B7C4-750D-44EE-8617-134B53C83D5D}
		{6D6296D4-925C-47D0-A0A7-60CEB3EC656C} = {6D6296D4-925C-47D0-A0A7-60CEB3EC656C}
	EndProjectSection
EndProject
Project("{FAE04EC0-301F-11D3-BF4B-00C04F79EFBC}") = "workspacer.Shared", "src\workspacer.Shared\workspacer.Shared.csproj", "{D13FD20B-E571-438D-B122-E24BC5A1384F}"
EndProject
Project("{FAE04EC0-301F-11D3-BF4B-00C04F79EFBC}") = "workspacer.Bar", "src\workspacer.Bar\workspacer.Bar.csproj", "{A593B7C4-750D-44EE-8617-134B53C83D5D}"
EndProject
Project("{FAE04EC0-301F-11D3-BF4B-00C04F79EFBC}") = "workspacer.Gap", "src\workspacer.Gap\workspacer.Gap.csproj", "{6D6296D4-925C-47D0-A0A7-60CEB3EC656C}"
EndProject
Project("{FAE04EC0-301F-11D3-BF4B-00C04F79EFBC}") = "workspacer.Native", "src\workspacer.Native\workspacer.Native.csproj", "{60D4AAD0-104C-4820-B141-88FCA2DA0E6C}"
EndProject
Project("{FAE04EC0-301F-11D3-BF4B-00C04F79EFBC}") = "workspacer.Watcher", "src\workspacer.Watcher\workspacer.Watcher.csproj", "{020BFFA1-E131-44DF-9B57-C1284DC80C8A}"
EndProject
Project("{FAE04EC0-301F-11D3-BF4B-00C04F79EFBC}") = "workspacer.ActionMenu", "src\workspacer.ActionMenu\workspacer.ActionMenu.csproj", "{96EFD655-F7D0-4365-AE52-CC424007A3C4}"
EndProject
Project("{FAE04EC0-301F-11D3-BF4B-00C04F79EFBC}") = "workspacer.FocusIndicator", "src\workspacer.FocusIndicator\workspacer.FocusIndicator.csproj", "{E7F2E1A7-2771-4924-A8D8-20761188D6F4}"
EndProject
Project("{FAE04EC0-301F-11D3-BF4B-00C04F79EFBC}") = "workspacer.Shared.Tests", "src\workspacer.Shared.Tests\workspacer.Shared.Tests.csproj", "{C69C243C-E40C-46CC-8599-DC7CC39F4C6F}"
EndProject
Project("{FAE04EC0-301F-11D3-BF4B-00C04F79EFBC}") = "workspacer.Tests", "src\workspacer.Tests\workspacer.Tests.csproj", "{36884A7D-B921-4F6D-A324-239D79AF38F2}"
EndProject
Global
	GlobalSection(SolutionConfigurationPlatforms) = preSolution
		Debug|Any CPU = Debug|Any CPU
		Debug|x64 = Debug|x64
		Debug|x86 = Debug|x86
		Release|Any CPU = Release|Any CPU
		Release|x64 = Release|x64
		Release|x86 = Release|x86
	EndGlobalSection
	GlobalSection(ProjectConfigurationPlatforms) = postSolution
		{D89294E0-EB76-440E-835C-CCD1E4CF6933}.Debug|Any CPU.ActiveCfg = Debug|Any CPU
		{D89294E0-EB76-440E-835C-CCD1E4CF6933}.Debug|Any CPU.Build.0 = Debug|Any CPU
		{D89294E0-EB76-440E-835C-CCD1E4CF6933}.Debug|x64.ActiveCfg = Debug|x64
		{D89294E0-EB76-440E-835C-CCD1E4CF6933}.Debug|x64.Build.0 = Debug|x64
		{D89294E0-EB76-440E-835C-CCD1E4CF6933}.Debug|x86.ActiveCfg = Debug|Any CPU
		{D89294E0-EB76-440E-835C-CCD1E4CF6933}.Debug|x86.Build.0 = Debug|Any CPU
		{D89294E0-EB76-440E-835C-CCD1E4CF6933}.Release|Any CPU.ActiveCfg = Release|Any CPU
		{D89294E0-EB76-440E-835C-CCD1E4CF6933}.Release|Any CPU.Build.0 = Release|Any CPU
		{D89294E0-EB76-440E-835C-CCD1E4CF6933}.Release|x64.ActiveCfg = Release|x64
		{D89294E0-EB76-440E-835C-CCD1E4CF6933}.Release|x64.Build.0 = Release|x64
		{D89294E0-EB76-440E-835C-CCD1E4CF6933}.Release|x86.ActiveCfg = Release|Any CPU
		{D89294E0-EB76-440E-835C-CCD1E4CF6933}.Release|x86.Build.0 = Release|Any CPU
		{D13FD20B-E571-438D-B122-E24BC5A1384F}.Debug|Any CPU.ActiveCfg = Debug|Any CPU
		{D13FD20B-E571-438D-B122-E24BC5A1384F}.Debug|Any CPU.Build.0 = Debug|Any CPU
		{D13FD20B-E571-438D-B122-E24BC5A1384F}.Debug|x64.ActiveCfg = Debug|x64
		{D13FD20B-E571-438D-B122-E24BC5A1384F}.Debug|x64.Build.0 = Debug|x64
		{D13FD20B-E571-438D-B122-E24BC5A1384F}.Debug|x86.ActiveCfg = Debug|Any CPU
		{D13FD20B-E571-438D-B122-E24BC5A1384F}.Debug|x86.Build.0 = Debug|Any CPU
		{D13FD20B-E571-438D-B122-E24BC5A1384F}.Release|Any CPU.ActiveCfg = Release|Any CPU
		{D13FD20B-E571-438D-B122-E24BC5A1384F}.Release|Any CPU.Build.0 = Release|Any CPU
		{D13FD20B-E571-438D-B122-E24BC5A1384F}.Release|x64.ActiveCfg = Release|x64
		{D13FD20B-E571-438D-B122-E24BC5A1384F}.Release|x64.Build.0 = Release|x64
		{D13FD20B-E571-438D-B122-E24BC5A1384F}.Release|x86.ActiveCfg = Release|Any CPU
		{D13FD20B-E571-438D-B122-E24BC5A1384F}.Release|x86.Build.0 = Release|Any CPU
		{A593B7C4-750D-44EE-8617-134B53C83D5D}.Debug|Any CPU.ActiveCfg = Debug|Any CPU
		{A593B7C4-750D-44EE-8617-134B53C83D5D}.Debug|Any CPU.Build.0 = Debug|Any CPU
		{A593B7C4-750D-44EE-8617-134B53C83D5D}.Debug|x64.ActiveCfg = Debug|x64
		{A593B7C4-750D-44EE-8617-134B53C83D5D}.Debug|x64.Build.0 = Debug|x64
		{A593B7C4-750D-44EE-8617-134B53C83D5D}.Debug|x86.ActiveCfg = Debug|Any CPU
		{A593B7C4-750D-44EE-8617-134B53C83D5D}.Debug|x86.Build.0 = Debug|Any CPU
		{A593B7C4-750D-44EE-8617-134B53C83D5D}.Release|Any CPU.ActiveCfg = Release|Any CPU
		{A593B7C4-750D-44EE-8617-134B53C83D5D}.Release|Any CPU.Build.0 = Release|Any CPU
		{A593B7C4-750D-44EE-8617-134B53C83D5D}.Release|x64.ActiveCfg = Release|x64
		{A593B7C4-750D-44EE-8617-134B53C83D5D}.Release|x64.Build.0 = Release|x64
		{A593B7C4-750D-44EE-8617-134B53C83D5D}.Release|x86.ActiveCfg = Release|Any CPU
		{A593B7C4-750D-44EE-8617-134B53C83D5D}.Release|x86.Build.0 = Release|Any CPU
		{6D6296D4-925C-47D0-A0A7-60CEB3EC656C}.Debug|Any CPU.ActiveCfg = Debug|Any CPU
		{6D6296D4-925C-47D0-A0A7-60CEB3EC656C}.Debug|Any CPU.Build.0 = Debug|Any CPU
		{6D6296D4-925C-47D0-A0A7-60CEB3EC656C}.Debug|x64.ActiveCfg = Debug|Any CPU
		{6D6296D4-925C-47D0-A0A7-60CEB3EC656C}.Debug|x64.Build.0 = Debug|Any CPU
		{6D6296D4-925C-47D0-A0A7-60CEB3EC656C}.Debug|x86.ActiveCfg = Debug|Any CPU
		{6D6296D4-925C-47D0-A0A7-60CEB3EC656C}.Debug|x86.Build.0 = Debug|Any CPU
		{6D6296D4-925C-47D0-A0A7-60CEB3EC656C}.Release|Any CPU.ActiveCfg = Release|Any CPU
		{6D6296D4-925C-47D0-A0A7-60CEB3EC656C}.Release|Any CPU.Build.0 = Release|Any CPU
		{6D6296D4-925C-47D0-A0A7-60CEB3EC656C}.Release|x64.ActiveCfg = Release|Any CPU
		{6D6296D4-925C-47D0-A0A7-60CEB3EC656C}.Release|x64.Build.0 = Release|Any CPU
		{6D6296D4-925C-47D0-A0A7-60CEB3EC656C}.Release|x86.ActiveCfg = Release|Any CPU
		{6D6296D4-925C-47D0-A0A7-60CEB3EC656C}.Release|x86.Build.0 = Release|Any CPU
		{60D4AAD0-104C-4820-B141-88FCA2DA0E6C}.Debug|Any CPU.ActiveCfg = Debug|Any CPU
		{60D4AAD0-104C-4820-B141-88FCA2DA0E6C}.Debug|Any CPU.Build.0 = Debug|Any CPU
		{60D4AAD0-104C-4820-B141-88FCA2DA0E6C}.Debug|x64.ActiveCfg = Debug|x64
		{60D4AAD0-104C-4820-B141-88FCA2DA0E6C}.Debug|x64.Build.0 = Debug|x64
		{60D4AAD0-104C-4820-B141-88FCA2DA0E6C}.Debug|x86.ActiveCfg = Debug|Any CPU
		{60D4AAD0-104C-4820-B141-88FCA2DA0E6C}.Debug|x86.Build.0 = Debug|Any CPU
		{60D4AAD0-104C-4820-B141-88FCA2DA0E6C}.Release|Any CPU.ActiveCfg = Release|Any CPU
		{60D4AAD0-104C-4820-B141-88FCA2DA0E6C}.Release|Any CPU.Build.0 = Release|Any CPU
		{60D4AAD0-104C-4820-B141-88FCA2DA0E6C}.Release|x64.ActiveCfg = Release|x64
		{60D4AAD0-104C-4820-B141-88FCA2DA0E6C}.Release|x64.Build.0 = Release|x64
		{60D4AAD0-104C-4820-B141-88FCA2DA0E6C}.Release|x86.ActiveCfg = Release|Any CPU
		{60D4AAD0-104C-4820-B141-88FCA2DA0E6C}.Release|x86.Build.0 = Release|Any CPU
		{020BFFA1-E131-44DF-9B57-C1284DC80C8A}.Debug|Any CPU.ActiveCfg = Debug|Any CPU
		{020BFFA1-E131-44DF-9B57-C1284DC80C8A}.Debug|Any CPU.Build.0 = Debug|Any CPU
		{020BFFA1-E131-44DF-9B57-C1284DC80C8A}.Debug|x64.ActiveCfg = Debug|x64
		{020BFFA1-E131-44DF-9B57-C1284DC80C8A}.Debug|x64.Build.0 = Debug|x64
		{020BFFA1-E131-44DF-9B57-C1284DC80C8A}.Debug|x86.ActiveCfg = Debug|Any CPU
		{020BFFA1-E131-44DF-9B57-C1284DC80C8A}.Debug|x86.Build.0 = Debug|Any CPU
		{020BFFA1-E131-44DF-9B57-C1284DC80C8A}.Release|Any CPU.ActiveCfg = Release|Any CPU
		{020BFFA1-E131-44DF-9B57-C1284DC80C8A}.Release|Any CPU.Build.0 = Release|Any CPU
		{020BFFA1-E131-44DF-9B57-C1284DC80C8A}.Release|x64.ActiveCfg = Release|x64
		{020BFFA1-E131-44DF-9B57-C1284DC80C8A}.Release|x64.Build.0 = Release|x64
		{020BFFA1-E131-44DF-9B57-C1284DC80C8A}.Release|x86.ActiveCfg = Release|Any CPU
		{020BFFA1-E131-44DF-9B57-C1284DC80C8A}.Release|x86.Build.0 = Release|Any CPU
		{96EFD655-F7D0-4365-AE52-CC424007A3C4}.Debug|Any CPU.ActiveCfg = Debug|Any CPU
		{96EFD655-F7D0-4365-AE52-CC424007A3C4}.Debug|Any CPU.Build.0 = Debug|Any CPU
		{96EFD655-F7D0-4365-AE52-CC424007A3C4}.Debug|x64.ActiveCfg = Debug|x64
		{96EFD655-F7D0-4365-AE52-CC424007A3C4}.Debug|x64.Build.0 = Debug|x64
		{96EFD655-F7D0-4365-AE52-CC424007A3C4}.Debug|x86.ActiveCfg = Debug|Any CPU
		{96EFD655-F7D0-4365-AE52-CC424007A3C4}.Debug|x86.Build.0 = Debug|Any CPU
		{96EFD655-F7D0-4365-AE52-CC424007A3C4}.Release|Any CPU.ActiveCfg = Release|Any CPU
		{96EFD655-F7D0-4365-AE52-CC424007A3C4}.Release|Any CPU.Build.0 = Release|Any CPU
		{96EFD655-F7D0-4365-AE52-CC424007A3C4}.Release|x64.ActiveCfg = Release|x64
		{96EFD655-F7D0-4365-AE52-CC424007A3C4}.Release|x64.Build.0 = Release|x64
		{96EFD655-F7D0-4365-AE52-CC424007A3C4}.Release|x86.ActiveCfg = Release|Any CPU
		{96EFD655-F7D0-4365-AE52-CC424007A3C4}.Release|x86.Build.0 = Release|Any CPU
		{E7F2E1A7-2771-4924-A8D8-20761188D6F4}.Debug|Any CPU.ActiveCfg = Debug|Any CPU
		{E7F2E1A7-2771-4924-A8D8-20761188D6F4}.Debug|Any CPU.Build.0 = Debug|Any CPU
		{E7F2E1A7-2771-4924-A8D8-20761188D6F4}.Debug|x64.ActiveCfg = Debug|x64
		{E7F2E1A7-2771-4924-A8D8-20761188D6F4}.Debug|x64.Build.0 = Debug|x64
		{E7F2E1A7-2771-4924-A8D8-20761188D6F4}.Debug|x86.ActiveCfg = Debug|Any CPU
		{E7F2E1A7-2771-4924-A8D8-20761188D6F4}.Debug|x86.Build.0 = Debug|Any CPU
		{E7F2E1A7-2771-4924-A8D8-20761188D6F4}.Release|Any CPU.ActiveCfg = Release|Any CPU
		{E7F2E1A7-2771-4924-A8D8-20761188D6F4}.Release|Any CPU.Build.0 = Release|Any CPU
		{E7F2E1A7-2771-4924-A8D8-20761188D6F4}.Release|x64.ActiveCfg = Release|x64
		{E7F2E1A7-2771-4924-A8D8-20761188D6F4}.Release|x64.Build.0 = Release|x64
		{E7F2E1A7-2771-4924-A8D8-20761188D6F4}.Release|x86.ActiveCfg = Release|Any CPU
		{E7F2E1A7-2771-4924-A8D8-20761188D6F4}.Release|x86.Build.0 = Release|Any CPU
		{C69C243C-E40C-46CC-8599-DC7CC39F4C6F}.Debug|Any CPU.ActiveCfg = Debug|Any CPU
		{C69C243C-E40C-46CC-8599-DC7CC39F4C6F}.Debug|Any CPU.Build.0 = Debug|Any CPU
		{C69C243C-E40C-46CC-8599-DC7CC39F4C6F}.Debug|x64.ActiveCfg = Debug|Any CPU
		{C69C243C-E40C-46CC-8599-DC7CC39F4C6F}.Debug|x64.Build.0 = Debug|Any CPU
		{C69C243C-E40C-46CC-8599-DC7CC39F4C6F}.Debug|x86.ActiveCfg = Debug|Any CPU
		{C69C243C-E40C-46CC-8599-DC7CC39F4C6F}.Debug|x86.Build.0 = Debug|Any CPU
		{C69C243C-E40C-46CC-8599-DC7CC39F4C6F}.Release|Any CPU.ActiveCfg = Release|Any CPU
		{C69C243C-E40C-46CC-8599-DC7CC39F4C6F}.Release|Any CPU.Build.0 = Release|Any CPU
		{C69C243C-E40C-46CC-8599-DC7CC39F4C6F}.Release|x64.ActiveCfg = Release|Any CPU
		{C69C243C-E40C-46CC-8599-DC7CC39F4C6F}.Release|x64.Build.0 = Release|Any CPU
		{C69C243C-E40C-46CC-8599-DC7CC39F4C6F}.Release|x86.ActiveCfg = Release|Any CPU
		{C69C243C-E40C-46CC-8599-DC7CC39F4C6F}.Release|x86.Build.0 = Release|Any CPU
		{36884A7D-B921-4F6D-A324-239D79AF38F2}.Debug|Any CPU.ActiveCfg = Debug|Any CPU
		{36884A7D-B921-4F6D-A324-239D79AF38F2}.Debug|Any CPU.Build.0 = Debug|Any CPU
		{36884A7D-B921-4F6D-A324-239D79AF38F2}.Debug|x64.ActiveCfg = Debug|Any CPU
		{36884A7D-B921-4F6D-A324-239D79AF38F2}.Debug|x64.Build.0 = Debug|Any CPU
		{36884A7D-B921-4F6D-A324-239D79AF38F2}.Debug|x86.ActiveCfg = Debug|Any CPU
		{36884A7D-B921-4F6D-A324-239D79AF38F2}.Debug|x86.Build.0 = Debug|Any CPU
		{36884A7D-B921-4F6D-A324-239D79AF38F2}.Release|Any CPU.ActiveCfg = Release|Any CPU
		{36884A7D-B921-4F6D-A324-239D79AF38F2}.Release|Any CPU.Build.0 = Release|Any CPU
		{36884A7D-B921-4F6D-A324-239D79AF38F2}.Release|x64.ActiveCfg = Release|Any CPU
		{36884A7D-B921-4F6D-A324-239D79AF38F2}.Release|x64.Build.0 = Release|Any CPU
		{36884A7D-B921-4F6D-A324-239D79AF38F2}.Release|x86.ActiveCfg = Release|Any CPU
		{36884A7D-B921-4F6D-A324-239D79AF38F2}.Release|x86.Build.0 = Release|Any CPU
	EndGlobalSection
	GlobalSection(SolutionProperties) = preSolution
		HideSolutionNode = FALSE
	EndGlobalSection
	GlobalSection(ExtensibilityGlobals) = postSolution
		SolutionGuid = {AD604298-5BA0-441E-8BD3-66579436DEFE}
	EndGlobalSection
EndGlobal
